// !$*UTF8*$!
{
	archiveVersion = 1;
	classes = {
	};
	objectVersion = 70;
	objects = {

/* Begin PBXBuildFile section */
		F5B7FCB8306C6D7E0022DDC5 /* WidgetKit.framework in Frameworks */ = {isa = PBXBuildFile; fileRef = F5B7FCB7306C6D7E0022DDC5 /* WidgetKit.framework */; };
		F5B7FCBA306C6D7E0022DDC5 /* SwiftUI.framework in Frameworks */ = {isa = PBXBuildFile; fileRef = F5B7FCB9306C6D7E0022DDC5 /* SwiftUI.framework */; };
		F5B7FCC6306C6D7F0022DDC5 /* TrafficWidgetExtension.appex in Embed Foundation Extensions */ = {isa = PBXBuildFile; fileRef = F5B7FCB5306C6D7E0022DDC5 /* TrafficWidgetExtension.appex */; settings = {ATTRIBUTES = (RemoveHeadersOnCopy, ); }; };
		F5BC9B692EDB44F800FCD47E /* TrafficMonitorApp.swift in Sources */ = {isa = PBXBuildFile; fileRef = F5BC9B682EDB44F800FCD47E /* TrafficMonitorApp.swift */; };
		F5BC9B6B2EDB44F800FCD47E /* ContentView.swift in Sources */ = {isa = PBXBuildFile; fileRef = F5BC9B6A2EDB44F800FCD47E /* ContentView.swift */; };
		F5BC9B6D2EDB44F900FCD47E /* Assets.xcassets in Resources */ = {isa = PBXBuildFile; fileRef = F5BC9B6C2EDB44F900FCD47E /* Assets.xcassets */; };
		F5BC9B702EDB44F900FCD47E /* Preview Assets.xcassets in Resources */ = {isa = PBXBuildFile; fileRef = F5BC9B6F2EDB44F900FCD47E /* Preview Assets.xcassets */; };
		F5BC9B792EDB458B00FCD47E /* TrafficManager.swift in Sources */ = {isa = PBXBuildFile; fileRef = F5BC9B782EDB458B00FCD47E /* TrafficManager.swift */; };
		F5BC9B7B2EDB460000FCD47E /* OnboardingView.swift in Sources */ = {isa = PBXBuildFile; fileRef = F5BC9B7A2EDB460000FCD47E /* OnboardingView.swift */; };
/* End PBXBuildFile section */

/* Begin PBXContainerItemProxy section */
		F5B7FCC4306C6D7F0022DDC5 /* PBXContainerItemProxy */ = {
			isa = PBXContainerItemProxy;
			containerPortal = F5BC9B5D2EDB44F800FCD47E /* Project object */;
			proxyType = 1;
			remoteGlobalIDString = F5B7FCB4306C6D7E0022DDC5;
			remoteInfo = TrafficWidgetExtension;
		};
		F5B7FD0C306D922A0022DDC5 /* PBXContainerItemProxy */ = {
			isa = PBXContainerItemProxy;
			containerPortal = F5BC9B5D2EDB44F800FCD47E /* Project object */;
			proxyType = 1;
			remoteGlobalIDString = F5BC9B642EDB44F800FCD47E;
			remoteInfo = TrafficMonitor;
		};
/* End PBXContainerItemProxy section */

/* Begin PBXCopyFilesBuildPhase section */
		F5B7FCC7306C6D7F0022DDC5 /* Embed Foundation Extensions */ = {
			isa = PBXCopyFilesBuildPhase;
			buildActionMask = 2147483647;
			dstPath = "";
			dstSubfolderSpec = 13;
			files = (
				F5B7FCC6306C6D7F0022DDC5 /* TrafficWidgetExtension.appex in Embed Foundation Extensions */,
			);
			name = "Embed Foundation Extensions";
			runOnlyForDeploymentPostprocessing = 0;
		};
/* End PBXCopyFilesBuildPhase section */

/* Begin PBXFileReference section */
		F5B7FCB5306C6D7E0022DDC5 /* TrafficWidgetExtension.appex */ = {isa = PBXFileReference; explicitFileType = "wrapper.app-extension"; includeInIndex = 0; path = TrafficWidgetExtension.appex; sourceTree = BUILT_PRODUCTS_DIR; };
		F5B7FCB7306C6D7E0022DDC5 /* WidgetKit.framework */ = {isa = PBXFileReference; lastKnownFileType = wrapper.framework; name = WidgetKit.framework; path = System/Library/Frameworks/WidgetKit.framework; sourceTree = SDKROOT; };
		F5B7FCB9306C6D7E0022DDC5 /* SwiftUI.framework */ = {isa = PBXFileReference; lastKnownFileType = wrapper.framework; name = SwiftUI.framework; path = System/Library/Frameworks/SwiftUI.framework; sourceTree = SDKROOT; };
		F5B7FD06306D922A0022DDC5 /* TrafficMonitorTests.xctest */ = {isa = PBXFileReference; explicitFileType = wrapper.cfbundle; includeInIndex = 0; path = TrafficMonitorTests.xctest; sourceTree = BUILT_PRODUCTS_DIR; };
		F5BC9B652EDB44F800FCD47E /* TrafficMonitor.app */ = {isa = PBXFileReference; explicitFileType = wrapper.application; includeInIndex = 0; path = TrafficMonitor.app; sourceTree = BUILT_PRODUCTS_DIR; };
		F5BC9B682EDB44F800FCD47E /* TrafficMonitorApp.swift */ = {isa = PBXFileReference; lastKnownFileType = sourcecode.swift; path = TrafficMonitorApp.swift; sourceTree = "<group>"; };
		F5BC9B6A2EDB44F800FCD47E /* ContentView.swift */ = {isa = PBXFileReference; lastKnownFileType = sourcecode.swift; path = ContentView.swift; sourceTree = "<group>"; };
		F5BC9B6C2EDB44F900FCD47E /* Assets.xcassets */ = {isa = PBXFileReference; lastKnownFileType = folder.assetcatalog; path = Assets.xcassets; sourceTree = "<group>"; };
		F5BC9B6F2EDB44F900FCD47E /* Preview Assets.xcassets */ = {isa = PBXFileReference; lastKnownFileType = folder.assetcatalog; path = "Preview Assets.xcassets"; sourceTree = "<group>"; };
		F5BC9B712EDB44F900FCD47E /* Info.plist */ = {isa = PBXFileReference; lastKnownFileType = text.plist.xml; path = Info.plist; sourceTree = "<group>"; };
		F5BC9B722EDB44F900FCD47E /* TrafficMonitor.entitlements */ = {isa = PBXFileReference; lastKnownFileType = text.plist.entitlements; path = TrafficMonitor.entitlements; sourceTree = "<group>"; };
		F5BC9B782EDB458B00FCD47E /* TrafficManager.swift */ = {isa = PBXFileReference; lastKnownFileType = sourcecode.swift; path = TrafficManager.swift; sourceTree = "<group>"; };
		F5BC9B7A2EDB460000FCD47E /* OnboardingView.swift */ = {isa = PBXFileReference; lastKnownFileType = sourcecode.swift; path = OnboardingView.swift; sourceTree = "<group>"; };
/* End PBXFileReference section */

/* Begin PBXFileSystemSynchronizedBuildFileExceptionSet section */
		F5B7FCCA306C6D7F0022DDC5 /* PBXFileSystemSynchronizedBuildFileExceptionSet */ = {
			isa = PBXFileSystemSynchronizedBuildFileExceptionSet;
			membershipExceptions = (
				Info.plist,
			);
			target = F5B7FCB4306C6D7E0022DDC5 /* TrafficWidgetExtension */;
		};
/* End PBXFileSystemSynchronizedBuildFileExceptionSet section */

/* Begin PBXFileSystemSynchronizedRootGroup section */
		F5B7FCBB306C6D7E0022DDC5 /* TrafficWidget */ = {isa = PBXFileSystemSynchronizedRootGroup; exceptions = (F5B7FCCA306C6D7F0022DDC5 /* PBXFileSystemSynchronizedBuildFileExceptionSet */, ); explicitFileTypes = {}; explicitFolders = (); path = TrafficWidget; sourceTree = "<group>"; };
		F5B7FD07306D922A0022DDC5 /* TrafficMonitorTests */ = {isa = PBXFileSystemSynchronizedRootGroup; explicitFileTypes = {}; explicitFolders = (); path = TrafficMonitorTests; sourceTree = "<group>"; };
/* End PBXFileSystemSynchronizedRootGroup section */

/* Begin PBXFrameworksBuildPhase section */
		F5B7FCB2306C6D7E0022DDC5 /* Frameworks */ = {
			isa = PBXFrameworksBuildPhase;
			buildActionMask = 2147483647;
			files = (
				F5B7FCBA306C6D7E0022DDC5 /* SwiftUI.framework in Frameworks */,
				F5B7FCB8306C6D7E0022DDC5 /* WidgetKit.framework in Frameworks */,
			);
			runOnlyForDeploymentPostprocessing = 0;
		};
		F5B7FD03306D922A0022DDC5 /* Frameworks */ = {
			isa = PBXFrameworksBuildPhase;
			buildActionMask = 2147483647;
			files = (
			);
			runOnlyForDeploymentPostprocessing = 0;
		};
		F5BC9B622EDB44F800FCD47E /* Frameworks */ = {
			isa = PBXFrameworksBuildPhase;
			buildActionMask = 2147483647;
			files = (
			);
			runOnlyForDeploymentPostprocessing = 0;
		};
/* End PBXFrameworksBuildPhase section */

/* Begin PBXGroup section */
		F5B7FCB6306C6D7E0022DDC5 /* Frameworks */ = {
			isa = PBXGroup;
			children = (
				F5B7FCB7306C6D7E0022DDC5 /* WidgetKit.framework */,
				F5B7FCB9306C6D7E0022DDC5 /* SwiftUI.framework */,
			);
			name = Frameworks;
			sourceTree = "<group>";
		};
		F5BC9B5C2EDB44F800FCD47E = {
			isa = PBXGroup;
			children = (
				F5BC9B672EDB44F800FCD47E /* TrafficMonitor */,
				F5B7FCBB306C6D7E0022DDC5 /* TrafficWidget */,
				F5B7FD07306D922A0022DDC5 /* TrafficMonitorTests */,
				F5B7FCB6306C6D7E0022DDC5 /* Frameworks */,
				F5BC9B662EDB44F800FCD47E /* Products */,
			);
			sourceTree = "<group>";
		};
		F5BC9B662EDB44F800FCD47E /* Products */ = {
			isa = PBXGroup;
			children = (
				F5BC9B652EDB44F800FCD47E /* TrafficMonitor.app */,
				F5B7FCB5306C6D7E0022DDC5 /* TrafficWidgetExtension.appex */,
				F5B7FD06306D922A0022DDC5 /* TrafficMonitorTests.xctest */,
			);
			name = Products;
			sourceTree = "<group>";
		};
		F5BC9B672EDB44F800FCD47E /* TrafficMonitor */ = {
			isa = PBXGroup;
			children = (
				F5BC9B682EDB44F800FCD47E /* TrafficMonitorApp.swift */,
				F5BC9B6A2EDB44F800FCD47E /* ContentView.swift */,
				F5BC9B6C2EDB44F900FCD47E /* Assets.xcassets */,
				F5BC9B712EDB44F900FCD47E /* Info.plist */,
				F5BC9B722EDB44F900FCD47E /* TrafficMonitor.entitlements */,
				F5BC9B6E2EDB44F900FCD47E /* Preview Content */,
				F5BC9B782EDB458B00FCD47E /* TrafficManager.swift */,
				F5BC9B7A2EDB460000FCD47E /* OnboardingView.swift */,
			);
			path = TrafficMonitor;
			sourceTree = "<group>";
		};
		F5BC9B6E2EDB44F900FCD47E /* Preview Content */ = {
			isa = PBXGroup;
			children = (
				F5BC9B6F2EDB44F900FCD47E /* Preview Assets.xcassets */,
			);
			path = "Preview Content";
			sourceTree = "<group>";
		};
/* End PBXGroup section */

/* Begin PBXNativeTarget section */
		F5B7FCB4306C6D7E0022DDC5 /* TrafficWidgetExtension */ = {
			isa = PBXNativeTarget;
			buildConfigurationList = F5B7FCCB306C6D7F0022DDC5 /* Build configuration list for PBXNativeTarget "TrafficWidgetExtension" */;
			buildPhases = (
				F5B7FCB1306C6D7E0022DDC5 /* Sources */,
				F5B7FCB2306C6D7E0022DDC5 /* Frameworks */,
				F5B7FCB3306C6D7E0022DDC5 /* Resources */,
			);
			buildRules = (
			);
			dependencies = (
			);
			fileSystemSynchronizedGroups = (
				F5B7FCBB306C6D7E0022DDC5 /* TrafficWidget */,
			);
			name = TrafficWidgetExtension;
			packageProductDependencies = (
			);
			productName = TrafficWidgetExtension;
			productReference = F5B7FCB5306C6D7E0022DDC5 /* TrafficWidgetExtension.appex */;
			productType = "com.apple.product-type.app-extension";
		};
		F5B7FD05306D922A0022DDC5 /* TrafficMonitorTests */ = {
			isa = PBXNativeTarget;
			buildConfigurationList = F5B7FD10306D922A0022DDC5 /* Build configuration list for PBXNativeTarget "TrafficMonitorTests" */;
			buildPhases = (
				F5B7FD02306D922A0022DDC5 /* Sources */,
				F5B7FD03306D922A0022DDC5 /* Frameworks */,
				F5B7FD04306D922A0022DDC5 /* Resources */,
			);
			buildRules = (
			);
			dependencies = (
				F5B7FD0D306D922A0022DDC5 /* PBXTargetDependency */,
			);
			fileSystemSynchronizedGroups = (
				F5B7FD07306D922A0022DDC5 /* TrafficMonitorTests */,
			);
			name = TrafficMonitorTests;
			packageProductDependencies = (
			);
			productName = TrafficMonitorTests;
			productReference = F5B7FD06306D922A0022DDC5 /* TrafficMonitorTests.xctest */;
			productType = "com.apple.product-type.bundle.unit-test";
		};
		F5BC9B642EDB44F800FCD47E /* TrafficMonitor */ = {
			isa = PBXNativeTarget;
			buildConfigurationList = F5BC9B752EDB44F900FCD47E /* Build configuration list for PBXNativeTarget "TrafficMonitor" */;
			buildPhases = (
				F5BC9B612EDB44F800FCD47E /* Sources */,
				F5BC9B622EDB44F800FCD47E /* Frameworks */,
				F5BC9B632EDB44F800FCD47E /* Resources */,
				F5B7FCC7306C6D7F0022DDC5 /* Embed Foundation Extensions */,
			);
			buildRules = (
			);
			dependencies = (
				F5B7FCC5306C6D7F0022DDC5 /* PBXTargetDependency */,
			);
			name = TrafficMonitor;
			productName = TrafficMonitor;
			productReference = F5BC9B652EDB44F800FCD47E /* TrafficMonitor.app */;
			productType = "com.apple.product-type.application";
		};
/* End PBXNativeTarget section */

/* Begin PBXProject section */
		F5BC9B5D2EDB44F800FCD47E /* Project object */ = {
			isa = PBXProject;
			attributes = {
				BuildIndependentTargetsInParallel = YES;
				LastSwiftUpdateCheck = 1640;
				LastUpgradeCheck = 1640;
				TargetAttributes = {
					F5B7FCB4306C6D7E0022DDC5 = {
						CreatedOnToolsVersion = 16.4;
					};
					F5B7FD05306D922A0022DDC5 = {
						CreatedOnToolsVersion = 16.4;
						TestTargetID = F5BC9B642EDB44F800FCD47E;
					};
					F5BC9B642EDB44F800FCD47E = {
						CreatedOnToolsVersion = 12.5;
					};
				};
			};
			buildConfigurationList = F5BC9B602EDB44F800FCD47E /* Build configuration list for PBXProject "TrafficMonitor" */;
			compatibilityVersion = "Xcode 9.3";
			developmentRegion = en;
			hasScannedForEncodings = 0;
			knownRegions = (
				en,
				Base,
			);
			mainGroup = F5BC9B5C2EDB44F800FCD47E;
			productRefGroup = F5BC9B662EDB44F800FCD47E /* Products */;
			projectDirPath = "";
			projectRoot = "";
			targets = (
				F5BC9B642EDB44F800FCD47E /* TrafficMonitor */,
				F5B7FCB4306C6D7E0022DDC5 /* TrafficWidgetExtension */,
				F5B7FD05306D922A0022DDC5 /* TrafficMonitorTests */,
			);
		};
/* End PBXProject section */

/* Begin PBXResourcesBuildPhase section */
		F5B7FCB3306C6D7E0022DDC5 /* Resources */ = {
			isa = PBXResourcesBuildPhase;
			buildActionMask = 2147483647;
			files = (
			);
			runOnlyForDeploymentPostprocessing = 0;
		};
		F5B7FD04306D922A0022DDC5 /* Resources */ = {
			isa = PBXResourcesBuildPhase;
			buildActionMask = 2147483647;
			files = (
			);
			runOnlyForDeploymentPostprocessing = 0;
		};
		F5BC9B632EDB44F800FCD47E /* Resources */ = {
			isa = PBXResourcesBuildPhase;
			buildActionMask = 2147483647;
			files = (
				F5BC9B702EDB44F900FCD47E /* Preview Assets.xcassets in Resources */,
				F5BC9B6D2EDB44F900FCD47E /* Assets.xcassets in Resources */,
			);
			runOnlyForDeploymentPostprocessing = 0;
		};
/* End PBXResourcesBuildPhase section */

/* Begin PBXSourcesBuildPhase section */
		F5B7FCB1306C6D7E0022DDC5 /* Sources */ = {
			isa = PBXSourcesBuildPhase;
			buildActionMask = 2147483647;
			files = (
			);
			runOnlyForDeploymentPostprocessing = 0;
		};
		F5B7FD02306D922A0022DDC5 /* Sources */ = {
			isa = PBXSourcesBuildPhase;
			buildActionMask = 2147483647;
			files = (
			);
			runOnlyForDeploymentPostprocessing = 0;
		};
		F5BC9B612EDB44F800FCD47E /* Sources */ = {
			isa = PBXSourcesBuildPhase;
			buildActionMask = 2147483647;
			files = (
				F5BC9B6B2EDB44F800FCD47E /* ContentView.swift in Sources */,
				F5BC9B692EDB44F800FCD47E /* TrafficMonitorApp.swift in Sources */,
				F5BC9B792EDB458B00FCD47E /* TrafficManager.swift in Sources */,
				F5BC9B7B2EDB460000FCD47E /* OnboardingView.swift in Sources */,
			);
			runOnlyForDeploymentPostprocessing = 0;
		};
/* End PBXSourcesBuildPhase section */

/* Begin PBXTargetDependency section */
		F5B7FCC5306C6D7F0022DDC5 /* PBXTargetDependency */ = {
			isa = PBXTargetDependency;
			target = F5B7FCB4306C6D7E0022DDC5 /* TrafficWidgetExtension */;
			targetProxy = F5B7FCC4306C6D7F0022DDC5 /* PBXContainerItemProxy */;
		};
		F5B7FD0D306D922A0022DDC5 /* PBXTargetDependency */ = {
			isa = PBXTargetDependency;
			target = F5BC9B642EDB44F800FCD47E /* TrafficMonitor */;
			targetProxy = F5B7FD0C306D922A0022DDC5 /* PBXContainerItemProxy */;
		};
/* End PBXTargetDependency section */

/* Begin XCBuildConfiguration section */
		F5B7FCC8306C6D7F0022DDC5 /* Debug */ = {
			isa = XCBuildConfiguration;
			buildSettings = {
				ASSETCATALOG_COMPILER_GENERATE_SWIFT_ASSET_SYMBOL_EXTENSIONS = YES;
				ASSETCATALOG_COMPILER_GLOBAL_ACCENT_COLOR_NAME = AccentColor;
				ASSETCATALOG_COMPILER_WIDGET_BACKGROUND_COLOR_NAME = WidgetBackground;
				CLANG_CXX_LANGUAGE_STANDARD = "gnu++20";
				CODE_SIGN_ENTITLEMENTS = TrafficWidget/TrafficWidget.entitlements;
				CODE_SIGN_STYLE = Automatic;
				CURRENT_PROJECT_VERSION = 1;
				GCC_C_LANGUAGE_STANDARD = gnu17;
				GENERATE_INFOPLIST_FILE = YES;
				INFOPLIST_FILE = TrafficWidget/Info.plist;
				INFOPLIST_KEY_CFBundleDisplayName = TrafficWidget;
				INFOPLIST_KEY_NSHumanReadableCopyright = "";
				LD_RUNPATH_SEARCH_PATHS = (
					"$(inherited)",
					"@executable_path/../Frameworks",
					"@executable_path/../../../../Frameworks",
				);
				LOCALIZATION_PREFERS_STRING_CATALOGS = YES;
				MACOSX_DEPLOYMENT_TARGET = 13.0;
				MARKETING_VERSION = 1.2.0;
				PRODUCT_BUNDLE_IDENTIFIER = com.koka.TrafficMonitor.Widget;
				PRODUCT_NAME = "$(TARGET_NAME)";
				SKIP_INSTALL = YES;
				SWIFT_ACTIVE_COMPILATION_CONDITIONS = "DEBUG $(inherited)";
				SWIFT_EMIT_LOC_STRINGS = YES;
				SWIFT_VERSION = 5.0;
			};
			name = Debug;
		};
		F5B7FCC9306C6D7F0022DDC5 /* Release */ = {
			isa = XCBuildConfiguration;
			buildSettings = {
				ASSETCATALOG_COMPILER_GENERATE_SWIFT_ASSET_SYMBOL_EXTENSIONS = YES;
				ASSETCATALOG_COMPILER_GLOBAL_ACCENT_COLOR_NAME = AccentColor;
				ASSETCATALOG_COMPILER_WIDGET_BACKGROUND_COLOR_NAME = WidgetBackground;
				CLANG_CXX_LANGUAGE_STANDARD = "gnu++20";
				CODE_SIGN_ENTITLEMENTS = TrafficWidget/TrafficWidget.entitlements;
				CODE_SIGN_STYLE = Automatic;
				CURRENT_PROJECT_VERSION = 1;
				GCC_C_LANGUAGE_STANDARD = gnu17;
				GENERATE_INFOPLIST_FILE = YES;
				INFOPLIST_FILE = TrafficWidget/Info.plist;
				INFOPLIST_KEY_CFBundleDisplayName = TrafficWidget;
				INFOPLIST_KEY_NSHumanReadableCopyright = "";
				LD_RUNPATH_SEARCH_PATHS = (
					"$(inherited)",
					"@executable_path/../Frameworks",
					"@executable_path/../../../../Frameworks",
				);
				LOCALIZATION_PREFERS_STRING_CATALOGS = YES;
				MACOSX_DEPLOYMENT_TARGET = 13.0;
				MARKETING_VERSION = 1.2.0;
				PRODUCT_BUNDLE_IDENTIFIER = com.koka.TrafficMonitor.Widget;
				PRODUCT_NAME = "$(TARGET_NAME)";
				SKIP_INSTALL = YES;
				SWIFT_EMIT_LOC_STRINGS = YES;
				SWIFT_VERSION = 5.0;
			};
			name = Release;
		};
		F5B7FD0E306D922A0022DDC5 /* Debug */ = {
			isa = XCBuildConfiguration;
			buildSettings = {
				ASSETCATALOG_COMPILER_GENERATE_SWIFT_ASSET_SYMBOL_EXTENSIONS = YES;
				BUNDLE_LOADER = "$(TEST_HOST)";
				CLANG_CXX_LANGUAGE_STANDARD = "gnu++20";
				CODE_SIGN_STYLE = Automatic;
				CURRENT_PROJECT_VERSION = 1;
				GCC_C_LANGUAGE_STANDARD = gnu17;
				GENERATE_INFOPLIST_FILE = YES;
				LOCALIZATION_PREFERS_STRING_CATALOGS = YES;
				MACOSX_DEPLOYMENT_TARGET = 13.0;
				MARKETING_VERSION = 1.0;
				PRODUCT_BUNDLE_IDENTIFIER = com.koka.TrafficMonitor.TrafficMonitorTests;
				PRODUCT_NAME = "$(TARGET_NAME)";
				SWIFT_ACTIVE_COMPILATION_CONDITIONS = "DEBUG $(inherited)";
				SWIFT_EMIT_LOC_STRINGS = NO;
				SWIFT_VERSION = 5.0;
				TEST_HOST = "$(BUILT_PRODUCTS_DIR)/TrafficMonitor.app/Contents/MacOS/TrafficMonitor";
				TEST_TARGET_NAME = TrafficMonitor;
			};
			name = Debug;
		};
		F5B7FD0F306D922A0022DDC5 /* Release */ = {
			isa = XCBuildConfiguration;
			buildSettings = {
				ASSETCATALOG_COMPILER_GENERATE_SWIFT_ASSET_SYMBOL_EXTENSIONS = YES;
				BUNDLE_LOADER = "$(TEST_HOST)";
				CLANG_CXX_LANGUAGE_STANDARD = "gnu++20";
				CODE_SIGN_STYLE = Automatic;
				CURRENT_PROJECT_VERSION = 1;
				GCC_C_LANGUAGE_STANDARD = gnu17;
				GENERATE_INFOPLIST_FILE = YES;
				LOCALIZATION_PREFERS_STRING_CATALOGS = YES;
				MACOSX_DEPLOYMENT_TARGET = 13.0;
				MARKETING_VERSION = 1.0;
				PRODUCT_BUNDLE_IDENTIFIER = com.koka.TrafficMonitor.TrafficMonitorTests;
				PRODUCT_NAME = "$(TARGET_NAME)";
				SWIFT_EMIT_LOC_STRINGS = NO;
				SWIFT_VERSION = 5.0;
				TEST_HOST = "$(BUILT_PRODUCTS_DIR)/TrafficMonitor.app/Contents/MacOS/TrafficMonitor";
				TEST_TARGET_NAME = TrafficMonitor;
			};
			name = Release;
		};
		F5BC9B732EDB44F900FCD47E /* Debug */ = {
			isa = XCBuildConfiguration;
			buildSettings = {
				ALWAYS_SEARCH_USER_PATHS = NO;
				CLANG_ANALYZER_NONNULL = YES;
				CLANG_ANALYZER_NUMBER_OBJECT_CONVERSION = YES_AGGRESSIVE;
				CLANG_CXX_LANGUAGE_STANDARD = "gnu++14";
				CLANG_CXX_LIBRARY = "libc++";
				CLANG_ENABLE_MODULES = YES;
				CLANG_ENABLE_OBJC_ARC = YES;
				CLANG_ENABLE_OBJC_WEAK = YES;
				CLANG_WARN_BLOCK_CAPTURE_AUTORELEASING = YES;
				CLANG_WARN_BOOL_CONVERSION = YES;
				CLANG_WARN_COMMA = YES;
				CLANG_WARN_CONSTANT_CONVERSION = YES;
				CLANG_WARN_DEPRECATED_OBJC_IMPLEMENTATIONS = YES;
				CLANG_WARN_DIRECT_OBJC_ISA_USAGE = YES_ERROR;
				CLANG_WARN_DOCUMENTATION_COMMENTS = YES;
				CLANG_WARN_EMPTY_BODY = YES;
				CLANG_WARN_ENUM_CONVERSION = YES;
				CLANG_WARN_INFINITE_RECURSION = YES;
				CLANG_WARN_INT_CONVERSION = YES;
				CLANG_WARN_NON_LITERAL_NULL_CONVERSION = YES;
				CLANG_WARN_OBJC_IMPLICIT_RETAIN_SELF = YES;
				CLANG_WARN_OBJC_LITERAL_CONVERSION = YES;
				CLANG_WARN_OBJC_ROOT_CLASS = YES_ERROR;
				CLANG_WARN_QUOTED_INCLUDE_IN_FRAMEWORK_HEADER = YES;
				CLANG_WARN_RANGE_LOOP_ANALYSIS = YES;
				CLANG_WARN_STRICT_PROTOTYPES = YES;
				CLANG_WARN_SUSPICIOUS_MOVE = YES;
				CLANG_WARN_UNGUARDED_AVAILABILITY = YES_AGGRESSIVE;
				CLANG_WARN_UNREACHABLE_CODE = YES;
				CLANG_WARN__DUPLICATE_METHOD_MATCH = YES;
				COPY_PHASE_STRIP = NO;
				DEAD_CODE_STRIPPING = YES;
				DEBUG_INFORMATION_FORMAT = dwarf;
				DEVELOPMENT_TEAM = D92V6P3WRS;
				ENABLE_STRICT_OBJC_MSGSEND = YES;
				ENABLE_TESTABILITY = YES;
				ENABLE_USER_SCRIPT_SANDBOXING = YES;
				GCC_C_LANGUAGE_STANDARD = gnu11;
				GCC_DYNAMIC_NO_PIC = NO;
				GCC_NO_COMMON_BLOCKS = YES;
				GCC_OPTIMIZATION_LEVEL = 0;
				GCC_PREPROCESSOR_DEFINITIONS = (
					"DEBUG=1",
					"$(inherited)",
				);
				GCC_WARN_64_TO_32_BIT_CONVERSION = YES;
				GCC_WARN_ABOUT_RETURN_TYPE = YES_ERROR;
				GCC_WARN_UNDECLARED_SELECTOR = YES;
				GCC_WARN_UNINITIALIZED_AUTOS = YES_AGGRESSIVE;
				GCC_WARN_UNUSED_FUNCTION = YES;
				GCC_WARN_UNUSED_VARIABLE = YES;
				MACOSX_DEPLOYMENT_TARGET = 13.0;
				MTL_ENABLE_DEBUG_INFO = INCLUDE_SOURCE;
				MTL_FAST_MATH = YES;
				ONLY_ACTIVE_ARCH = YES;
				SDKROOT = macosx;
				SWIFT_ACTIVE_COMPILATION_CONDITIONS = DEBUG;
				SWIFT_OPTIMIZATION_LEVEL = "-Onone";
			};
			name = Debug;
		};
		F5BC9B742EDB44F900FCD47E /* Release */ = {
			isa = XCBuildConfiguration;
			buildSettings = {
				ALWAYS_SEARCH_USER_PATHS = NO;
				CLANG_ANALYZER_NONNULL = YES;
				CLANG_ANALYZER_NUMBER_OBJECT_CONVERSION = YES_AGGRESSIVE;
				CLANG_CXX_LANGUAGE_STANDARD = "gnu++14";
				CLANG_CXX_LIBRARY = "libc++";
				CLANG_ENABLE_MODULES = YES;
				CLANG_ENABLE_OBJC_ARC = YES;
				CLANG_ENABLE_OBJC_WEAK = YES;
				CLANG_WARN_BLOCK_CAPTURE_AUTORELEASING = YES;
				CLANG_WARN_BOOL_CONVERSION = YES;
				CLANG_WARN_COMMA = YES;
				CLANG_WARN_CONSTANT_CONVERSION = YES;
				CLANG_WARN_DEPRECATED_OBJC_IMPLEMENTATIONS = YES;
				CLANG_WARN_DIRECT_OBJC_ISA_USAGE = YES_ERROR;
				CLANG_WARN_DOCUMENTATION_COMMENTS = YES;
				CLANG_WARN_EMPTY_BODY = YES;
				CLANG_WARN_ENUM_CONVERSION = YES;
				CLANG_WARN_INFINITE_RECURSION = YES;
				CLANG_WARN_INT_CONVERSION = YES;
				CLANG_WARN_NON_LITERAL_NULL_CONVERSION = YES;
				CLANG_WARN_OBJC_IMPLICIT_RETAIN_SELF = YES;
				CLANG_WARN_OBJC_LITERAL_CONVERSION = YES;
				CLANG_WARN_OBJC_ROOT_CLASS = YES_ERROR;
				CLANG_WARN_QUOTED_INCLUDE_IN_FRAMEWORK_HEADER = YES;
				CLANG_WARN_RANGE_LOOP_ANALYSIS = YES;
				CLANG_WARN_STRICT_PROTOTYPES = YES;
				CLANG_WARN_SUSPICIOUS_MOVE = YES;
				CLANG_WARN_UNGUARDED_AVAILABILITY = YES_AGGRESSIVE;
				CLANG_WARN_UNREACHABLE_CODE = YES;
				CLANG_WARN__DUPLICATE_METHOD_MATCH = YES;
				COPY_PHASE_STRIP = NO;
				DEAD_CODE_STRIPPING = YES;
				DEBUG_INFORMATION_FORMAT = "dwarf-with-dsym";
				DEVELOPMENT_TEAM = D92V6P3WRS;
				ENABLE_NS_ASSERTIONS = NO;
				ENABLE_STRICT_OBJC_MSGSEND = YES;
				ENABLE_USER_SCRIPT_SANDBOXING = YES;
				GCC_C_LANGUAGE_STANDARD = gnu11;
				GCC_NO_COMMON_BLOCKS = YES;
				GCC_WARN_64_TO_32_BIT_CONVERSION = YES;
				GCC_WARN_ABOUT_RETURN_TYPE = YES_ERROR;
				GCC_WARN_UNDECLARED_SELECTOR = YES;
				GCC_WARN_UNINITIALIZED_AUTOS = YES_AGGRESSIVE;
				GCC_WARN_UNUSED_FUNCTION = YES;
				GCC_WARN_UNUSED_VARIABLE = YES;
				MACOSX_DEPLOYMENT_TARGET = 13.0;
				MTL_ENABLE_DEBUG_INFO = NO;
				MTL_FAST_MATH = YES;
				SDKROOT = macosx;
				SWIFT_COMPILATION_MODE = wholemodule;
				SWIFT_OPTIMIZATION_LEVEL = "-O";
			};
			name = Release;
		};
		F5BC9B762EDB44F900FCD47E /* Debug */ = {
			isa = XCBuildConfiguration;
			buildSettings = {
				ASSETCATALOG_COMPILER_APPICON_NAME = AppIcon;
				ASSETCATALOG_COMPILER_GLOBAL_ACCENT_COLOR_NAME = AccentColor;
				CODE_SIGN_ENTITLEMENTS = TrafficMonitor/TrafficMonitor.entitlements;
				"CODE_SIGN_IDENTITY[sdk=macosx*]" = "Apple Development";
				CODE_SIGN_STYLE = Automatic;
				COMBINE_HIDPI_IMAGES = YES;
				CURRENT_PROJECT_VERSION = 1;
				DEAD_CODE_STRIPPING = YES;
				DEVELOPMENT_ASSET_PATHS = "\"TrafficMonitor/Preview Content\"";
				ENABLE_HARDENED_RUNTIME = YES;
				ENABLE_PREVIEWS = YES;
				INFOPLIST_FILE = TrafficMonitor/Info.plist;
				LD_RUNPATH_SEARCH_PATHS = (
					"$(inherited)",
					"@executable_path/../Frameworks",
				);
				MACOSX_DEPLOYMENT_TARGET = 13.0;
				MARKETING_VERSION = 1.2.0;
				PRODUCT_BUNDLE_IDENTIFIER = com.koka.TrafficMonitor;
				PRODUCT_NAME = "$(TARGET_NAME)";
				SWIFT_VERSION = 5.0;
			};
			name = Debug;
		};
		F5BC9B772EDB44F900FCD47E /* Release */ = {
			isa = XCBuildConfiguration;
			buildSettings = {
				ASSETCATALOG_COMPILER_APPICON_NAME = AppIcon;
				ASSETCATALOG_COMPILER_GLOBAL_ACCENT_COLOR_NAME = AccentColor;
				CODE_SIGN_ENTITLEMENTS = TrafficMonitor/TrafficMonitor.entitlements;
				"CODE_SIGN_IDENTITY[sdk=macosx*]" = "Apple Development";
				CODE_SIGN_STYLE = Automatic;
				COMBINE_HIDPI_IMAGES = YES;
				CURRENT_PROJECT_VERSION = 1;
				DEAD_CODE_STRIPPING = YES;
				DEVELOPMENT_ASSET_PATHS = "\"TrafficMonitor/Preview Content\"";
				ENABLE_HARDENED_RUNTIME = YES;
				ENABLE_PREVIEWS = YES;
				INFOPLIST_FILE = TrafficMonitor/Info.plist;
				LD_RUNPATH_SEARCH_PATHS = (
					"$(inherited)",
					"@executable_path/../Frameworks",
				);
				MACOSX_DEPLOYMENT_TARGET = 13.0;
				MARKETING_VERSION = 1.2.0;
				PRODUCT_BUNDLE_IDENTIFIER = com.koka.TrafficMonitor;
				PRODUCT_NAME = "$(TARGET_NAME)";
				SWIFT_VERSION = 5.0;
			};
			name = Release;
		};
/* End XCBuildConfiguration section */

/* Begin XCConfigurationList section */
		F5B7FCCB306C6D7F0022DDC5 /* Build configuration list for PBXNativeTarget "TrafficWidgetExtension" */ = {
			isa = XCConfigurationList;
			buildConfigurations = (
				F5B7FCC8306C6D7F0022DDC5 /* Debug */,
				F5B7FCC9306C6D7F0022DDC5 /* Release */,
			);
			defaultConfigurationIsVisible = 0;
			defaultConfigurationName = Release;
		};
		F5B7FD10306D922A0022DDC5 /* Build configuration list for PBXNativeTarget "TrafficMonitorTests" */ = {
			isa = XCConfigurationList;
			buildConfigurations = (
				F5B7FD0E306D922A0022DDC5 /* Debug */,
				F5B7FD0F306D922A0022DDC5 /* Release */,
			);
			defaultConfigurationIsVisible = 0;
			defaultConfigurationName = Release;
		};
		F5BC9B602EDB44F800FCD47E /* Build configuration list for PBXProject "TrafficMonitor" */ = {
			isa = XCConfigurationList;
			buildConfigurations = (
				F5BC9B732EDB44F900FCD47E /* Debug */,
				F5BC9B742EDB44F900FCD47E /* Release */,
			);
			defaultConfigurationIsVisible = 0;
			defaultConfigurationName = Release;
		};
		F5BC9B752EDB44F900FCD47E /* Build configuration list for PBXNativeTarget "TrafficMonitor" */ = {
			isa = XCConfigurationList;
			buildConfigurations = (
				F5BC9B762EDB44F900FCD47E /* Debug */,
				F5BC9B772EDB44F900FCD47E /* Release */,
			);
			defaultConfigurationIsVisible = 0;
			defaultConfigurationName = Release;
		};
/* End XCConfigurationList section */
	};
	rootObject = F5BC9B5D2EDB44F800FCD47E /* Project object */;
}
